PODS:
  - PinterestSegment (1.2.3)
  - SnapKit (4.2.0)
  - YYCache (1.0.4)
  - YYImage (1.0.4):
    - YYImage/Core (= 1.0.4)
  - YYImage/Core (1.0.4)
  - YYWebImage (1.0.5):
    - YYCache
    - YYImage

DEPENDENCIES:
  - PinterestSegment (~> 1.2.3)
  - SnapKit (~> 4.2.0)
  - YYWebImage (~> 1.0.5)

SPEC REPOS:
  https://github.com/cocoapods/specs.git:
    - PinterestSegment
    - SnapKit
    - YYCache
    - YYImage
    - YYWebImage

SPEC CHECKSUMS:
  PinterestSegment: 3dd673ffd9feb00dc7816bb1e503d70459e8eaa8
  SnapKit: fe8a619752f3f27075cc9a90244d75c6c3f27e2a
  YYCache: 8105b6638f5e849296c71f331ff83891a4942952
  YYImage: 1e1b62a9997399593e4b9c4ecfbbabbf1d3f3b54
  YYWebImage: 5f7f36aee2ae293f016d418c7d6ba05c4863e928

PODFILE CHECKSUM: 238a4543c88bf7e2e60d2441cbdb100ea184c4fe

COCOAPODS: 1.5.3
